<?xml version="1.0" encoding="utf-8"?>
<Project ToolsVersion="4.0" xmlns="http://schemas.microsoft.com/developer/msbuild/2003">
  <ItemGroup>
    <Filter Include="Application Core">
      <UniqueIdentifier>{4FC737F1-C7A5-4376-A066-2A32D752A2FF}</UniqueIdentifier>
      <Extensions>cpp;c;cc;cxx;def;odl;idl;hpj;bat;asm;asmx</Extensions>
    </Filter>
    <Filter Include="Utilities">
      <UniqueIdentifier>{93995380-89BD-4b04-88EB-625FBE52EBFB}</UniqueIdentifier>
      <Extensions>h;hpp;hxx;hm;inl;inc;xsd</Extensions>
    </Filter>
    <Filter Include="Resource Files">
      <UniqueIdentifier>{67DA6AB6-F800-4c08-8B7A-83BB121AAD01}</UniqueIdentifier>
      <Extensions>rc;ico;cur;bmp;dlg;rc2;rct;bin;rgs;gif;jpg;jpeg;jpe;resx;tiff;tif;png;wav</Extensions>
    </Filter>
    <Filter Include="Game Entities">
      <UniqueIdentifier>{8bd1dcc7-4aa0-4bb3-b095-4cfdbaaf0798}</UniqueIdentifier>
    </Filter>
  </ItemGroup>
  <ItemGroup>
    <ClCompile Include="AppCore.cpp">
      <Filter>Application Core</Filter>
    </ClCompile>
    <ClCompile Include="Main.cpp">
      <Filter>Application Core</Filter>
    </ClCompile>
    <ClCompile Include="Sprite.cpp">
      <Filter>Utilities</Filter>
    </ClCompile>
    <ClCompile Include="Timer.cpp">
      <Filter>Utilities</Filter>
    </ClCompile>
    <ClCompile Include="Vector4.cpp">
      <Filter>Utilities</Filter>
    </ClCompile>
    <ClCompile Include="GameEntities.cpp">
      <Filter>Game Entities</Filter>
    </ClCompile>
  </ItemGroup>
  <ItemGroup>
    <ClInclude Include="AppCore.h">
      <Filter>Application Core</Filter>
    </ClInclude>
    <ClInclude Include="Sprite.h">
      <Filter>Utilities</Filter>
    </ClInclude>
    <ClInclude Include="Timer.h">
      <Filter>Utilities</Filter>
    </ClInclude>
    <ClInclude Include="Vector4.h">
      <Filter>Utilities</Filter>
    </ClInclude>
    <ClInclude Include="resource.h">
      <Filter>Resource Files</Filter>
    </ClInclude>
    <ClInclude Include="GameEntities.h">
      <Filter>Game Entities</Filter>
    </ClInclude>
  </ItemGroup>
  <ItemGroup>
    <ResourceCompile Include="MusiGen.rc">
      <Filter>Resource Files</Filter>
    </ResourceCompile>
  </ItemGroup>
</Project>